
Microsoft Visual Studio Solution File, Format Version 12.00
# Visual Studio 15
VisualStudioVersion = 15.0.26228.9
MinimumVisualStudioVersion = 10.0.40219.1
Project("{FAE04EC0-301F-11D3-BF4B-00C04F79EFBC}") = "CamerTracker.Console", "CamerTracker.Console\CamerTracker.Console.csproj", "{017994EF-CC56-40E3-9BC4-C9B0C95200D1}"
EndProject
Project("{FAE04EC0-301F-11D3-BF4B-00C04F79EFBC}") = "CameraTracker.Chessboard", "CameraTracker.Chessboard\CameraTracker.Chessboard.csproj", "{24F23C45-D238-468A-B451-F338CD37C392}"
EndProject
Project("{FAE04EC0-301F-11D3-BF4B-00C04F79EFBC}") = "CameraTracker.Camera", "CameraTracker.Camera\CameraTracker.Camera.csproj", "{FBDFD9D1-EC64-47A3-8A04-F9741C7CCD96}"
EndProject
Global
	GlobalSection(SolutionConfigurationPlatforms) = preSolution
		Debug|Any CPU = Debug|Any CPU
		Release|Any CPU = Release|Any CPU
	EndGlobalSection
	GlobalSection(ProjectConfigurationPlatforms) = postSolution
		{017994EF-CC56-40E3-9BC4-C9B0C95200D1}.Debug|Any CPU.ActiveCfg = Debug|Any CPU
		{017994EF-CC56-40E3-9BC4-C9B0C95200D1}.Debug|Any CPU.Build.0 = Debug|Any CPU
		{017994EF-CC56-40E3-9BC4-C9B0C95200D1}.Release|Any CPU.ActiveCfg = Release|Any CPU
		{017994EF-CC56-40E3-9BC4-C9B0C95200D1}.Release|Any CPU.Build.0 = Release|Any CPU
		{24F23C45-D238-468A-B451-F338CD37C392}.Debug|Any CPU.ActiveCfg = Debug|Any CPU
		{24F23C45-D238-468A-B451-F338CD37C392}.Debug|Any CPU.Build.0 = Debug|Any CPU
		{24F23C45-D238-468A-B451-F338CD37C392}.Release|Any CPU.ActiveCfg = Release|Any CPU
		{24F23C45-D238-468A-B451-F338CD37C392}.Release|Any CPU.Build.0 = Release|Any CPU
		{FBDFD9D1-EC64-47A3-8A04-F9741C7CCD96}.Debug|Any CPU.ActiveCfg = Debug|Any CPU
		{FBDFD9D1-EC64-47A3-8A04-F9741C7CCD96}.Debug|Any CPU.Build.0 = Debug|Any CPU
		{FBDFD9D1-EC64-47A3-8A04-F9741C7CCD96}.Release|Any CPU.ActiveCfg = Release|Any CPU
		{FBDFD9D1-EC64-47A3-8A04-F9741C7CCD96}.Release|Any CPU.Build.0 = Release|Any CPU
	EndGlobalSection
	GlobalSection(SolutionProperties) = preSolution
		HideSolutionNode = FALSE
	EndGlobalSection
EndGlobal
